# This file is automatically @generated by Cargo.
# It is not intended for manual editing.
version = 4

[[package]]
name = "nkdhr-canvas"
version = "0.1.0"

[[package]]
name = "nkdhr-files"
version = "0.1.0"

[[package]]
name = "nkdhr-greet"
version = "0.1.0"

[[package]]
name = "nkdhr-ipc"
version = "0.1.0"

[[package]]
name = "nkdhr-render"
version = "0.1.0"

[[package]]
name = "nkdhr-sessiond"
version = "0.1.0"

[[package]]
name = "nkdhr-settings"
version = "0.1.0"

[[package]]
name = "nkdhr-tasks"
version = "0.1.0"

[[package]]
name = "nkdhr-ui"
version = "0.1.0"

[[package]]
name = "nkdhrctl"
version = "0.1.0"

[[package]]
name = "nkdhrd"
version = "0.1.0"
